
Microsoft Visual Studio Solution File, Format Version 12.00
# Visual Studio Version 17
VisualStudioVersion = 17.0.32126.317
MinimumVisualStudioVersion = 10.0.40219.1
Project("{FAE04EC0-301F-11D3-BF4B-00C04F79EFBC}") = "StartBootstrap", "StartBootstrap\StartBootstrap.csproj", "{709A422D-8D7B-43CE-B56D-3DFEEEABDCED}"
EndProject
Global
	GlobalSection(SolutionConfigurationPlatforms) = preSolution
		Debug|Any CPU = Debug|Any CPU
		Release|Any CPU = Release|Any CPU
	EndGlobalSection
	GlobalSection(ProjectConfigurationPlatforms) = postSolution
		{709A422D-8D7B-43CE-B56D-3DFEEEABDCED}.Debug|Any CPU.ActiveCfg = Debug|Any CPU
		{709A422D-8D7B-43CE-B56D-3DFEEEABDCED}.Debug|Any CPU.Build.0 = Debug|Any CPU
		{709A422D-8D7B-43CE-B56D-3DFEEEABDCED}.Release|Any CPU.ActiveCfg = Release|Any CPU
		{709A422D-8D7B-43CE-B56D-3DFEEEABDCED}.Release|Any CPU.Build.0 = Release|Any CPU
	EndGlobalSection
	GlobalSection(SolutionProperties) = preSolution
		HideSolutionNode = FALSE
	EndGlobalSection
	GlobalSection(ExtensibilityGlobals) = postSolution
		SolutionGuid = {78CA1552-EC01-43EF-B254-9097BFF9085F}
	EndGlobalSection
EndGlobal
